
Microsoft Visual Studio Solution File, Format Version 12.00
# Visual Studio Version 17
VisualStudioVersion = 17.7.34031.279
MinimumVisualStudioVersion = 10.0.40219.1
Project("{FAE04EC0-301F-11D3-BF4B-00C04F79EFBC}") = "WebAPIAlumnoRegistro", "WebAPIAlumnoRegistro\WebAPIAlumnoRegistro.csproj", "{FE0E5CBF-7C2B-468E-9BD0-5BE8CDCFC5CF}"
EndProject
Global
	GlobalSection(SolutionConfigurationPlatforms) = preSolution
		Debug|Any CPU = Debug|Any CPU
		Release|Any CPU = Release|Any CPU
	EndGlobalSection
	GlobalSection(ProjectConfigurationPlatforms) = postSolution
		{FE0E5CBF-7C2B-468E-9BD0-5BE8CDCFC5CF}.Debug|Any CPU.ActiveCfg = Debug|Any CPU
		{FE0E5CBF-7C2B-468E-9BD0-5BE8CDCFC5CF}.Debug|Any CPU.Build.0 = Debug|Any CPU
		{FE0E5CBF-7C2B-468E-9BD0-5BE8CDCFC5CF}.Release|Any CPU.ActiveCfg = Release|Any CPU
		{FE0E5CBF-7C2B-468E-9BD0-5BE8CDCFC5CF}.Release|Any CPU.Build.0 = Release|Any CPU
	EndGlobalSection
	GlobalSection(SolutionProperties) = preSolution
		HideSolutionNode = FALSE
	EndGlobalSection
	GlobalSection(ExtensibilityGlobals) = postSolution
		SolutionGuid = {BAF256BC-586C-4433-99AA-4878DFC89DE3}
	EndGlobalSection
EndGlobal
